
Microsoft Visual Studio Solution File, Format Version 12.00
# Visual Studio 2012
Project("{FAE04EC0-301F-11D3-BF4B-00C04F79EFBC}") = "MovieApp", "MovieApp\MovieApp.csproj", "{D92EF56F-6EA0-4F46-B9E6-76C0586128F5}"
EndProject
Project("{FAE04EC0-301F-11D3-BF4B-00C04F79EFBC}") = "MovieApp.Droid", "Droid\MovieApp.Droid.csproj", "{68F3156B-4BEF-4CA2-8EFE-452D2D2952CF}"
EndProject
Project("{FAE04EC0-301F-11D3-BF4B-00C04F79EFBC}") = "MovieApp.UITests", "UITests\MovieApp.UITests.csproj", "{FD980346-B329-4599-BDC3-C3D538588241}"
EndProject
Global
	GlobalSection(SolutionConfigurationPlatforms) = preSolution
		Debug|Any CPU = Debug|Any CPU
		Release|Any CPU = Release|Any CPU
	EndGlobalSection
	GlobalSection(ProjectConfigurationPlatforms) = postSolution
		{68F3156B-4BEF-4CA2-8EFE-452D2D2952CF}.Debug|Any CPU.ActiveCfg = Debug|Any CPU
		{68F3156B-4BEF-4CA2-8EFE-452D2D2952CF}.Debug|Any CPU.Build.0 = Debug|Any CPU
		{68F3156B-4BEF-4CA2-8EFE-452D2D2952CF}.Release|Any CPU.ActiveCfg = Release|Any CPU
		{68F3156B-4BEF-4CA2-8EFE-452D2D2952CF}.Release|Any CPU.Build.0 = Release|Any CPU
		{D92EF56F-6EA0-4F46-B9E6-76C0586128F5}.Debug|Any CPU.ActiveCfg = Debug|Any CPU
		{D92EF56F-6EA0-4F46-B9E6-76C0586128F5}.Debug|Any CPU.Build.0 = Debug|Any CPU
		{D92EF56F-6EA0-4F46-B9E6-76C0586128F5}.Release|Any CPU.ActiveCfg = Release|Any CPU
		{D92EF56F-6EA0-4F46-B9E6-76C0586128F5}.Release|Any CPU.Build.0 = Release|Any CPU
		{FD980346-B329-4599-BDC3-C3D538588241}.Debug|Any CPU.ActiveCfg = Debug|Any CPU
		{FD980346-B329-4599-BDC3-C3D538588241}.Debug|Any CPU.Build.0 = Debug|Any CPU
		{FD980346-B329-4599-BDC3-C3D538588241}.Release|Any CPU.ActiveCfg = Release|Any CPU
		{FD980346-B329-4599-BDC3-C3D538588241}.Release|Any CPU.Build.0 = Release|Any CPU
	EndGlobalSection
EndGlobal
